<?xml version="1.0" encoding="utf-8"?>
<Project ToolsVersion="4.0" xmlns="http://schemas.microsoft.com/developer/msbuild/2003">
  <ItemGroup>
    <ClCompile Include="darkstar\Tools\zed\3DMWorld.cpp" />
    <ClCompile Include="darkstar\Tools\zed\asgntext.cpp" />
    <ClCompile Include="darkstar\Tools\zed\AsPalMat.cpp" />
    <ClCompile Include="darkstar\Tools\zed\BOrdrDlg.cpp" />
    <ClCompile Include="darkstar\Tools\zed\BrushAttributesDialog.cpp" />
    <ClCompile Include="darkstar\Tools\zed\BrushGroup.cpp" />
    <ClCompile Include="darkstar\Tools\zed\BrushGroupDialog.cpp" />
    <ClCompile Include="darkstar\Tools\zed\BspManagerDialog.cpp" />
    <ClCompile Include="darkstar\Tools\zed\bspnode.cpp" />
    <ClCompile Include="darkstar\Tools\zed\ChildFrm.cpp" />
    <ClCompile Include="darkstar\Tools\zed\ConstructiveBsp.cpp" />
    <ClCompile Include="darkstar\Tools\zed\CreateBoxDialog.cpp" />
    <ClCompile Include="darkstar\Tools\zed\CreateCylDialog.cpp" />
    <ClCompile Include="darkstar\Tools\zed\CreateSpheroidDialog.cpp" />
    <ClCompile Include="darkstar\Tools\zed\CreateStaircaseDialog.cpp" />
    <ClCompile Include="darkstar\Tools\zed\CreateTriDialog.cpp" />
    <ClCompile Include="darkstar\Tools\zed\EntitiesDialog.cpp" />
    <ClCompile Include="darkstar\Tools\zed\Entity.cpp" />
    <ClCompile Include="darkstar\Tools\zed\GlobalEnvironment.cpp" />
    <ClCompile Include="darkstar\Tools\zed\GlobalSettingsDialog.cpp" />
    <ClCompile Include="darkstar\Tools\zed\GridSizeDialog.cpp" />
    <ClCompile Include="darkstar\Tools\zed\MainFrm.cpp" />
    <ClCompile Include="darkstar\Tools\zed\LightDlg.cpp" />
    <ClCompile Include="darkstar\Tools\zed\Matcanvs.cpp" />
    <ClCompile Include="darkstar\Tools\zed\MatVuDlg.cpp" />
    <ClCompile Include="darkstar\Tools\zed\NewFDlg.cpp" />
    <ClCompile Include="darkstar\Tools\zed\RenderCamera.cpp" />
    <ClCompile Include="darkstar\Tools\zed\SClrDlg.cpp" />
    <ClCompile Include="darkstar\Tools\zed\SelectClassname.cpp" />
    <ClCompile Include="darkstar\Tools\zed\StdAfx.cpp" />
    <ClCompile Include="darkstar\Tools\zed\THRED.cpp" />
    <ClCompile Include="darkstar\Tools\zed\ThredBrush.cpp" />
    <ClCompile Include="darkstar\Tools\zed\THREDDoc.cpp" />
    <ClCompile Include="darkstar\Tools\zed\TransformMatrix.cpp" />
    <ClCompile Include="darkstar\Tools\zed\TSDialog.cpp" />
    <ClCompile Include="darkstar\Tools\zed\VDescDlg.cpp" />
    <ClCompile Include="darkstar\Tools\zed\ThredParser.cpp" />
    <ClCompile Include="darkstar\Tools\zed\THREDView.cpp" />
    <ClCompile Include="darkstar\Core\code\bitset.cpp" />
    <ClCompile Include="darkstar\Core\code\bitstream.cpp" />
    <ClCompile Include="darkstar\Core\code\crc16.cpp" />
    <ClCompile Include="darkstar\Core\code\fileName.cpp" />
    <ClCompile Include="darkstar\Core\code\m_qsort.cpp" />
    <ClCompile Include="darkstar\Core\code\registry.cpp" />
    <ClCompile Include="darkstar\Core\code\RVecAlloc.cpp" />
    <ClCompile Include="darkstar\Core\code\stringTable.cpp" />
    <ClCompile Include="darkstar\Core\code\threadBase.cpp" />
    <ClCompile Include="darkstar\Core\code\timer.cpp" />
    <ClCompile Include="darkstar\Core\code\blkstrm.cpp" />
    <ClCompile Include="darkstar\Core\code\filrstrm.cpp" />
    <ClCompile Include="darkstar\Core\code\filstrm.cpp" />
    <ClCompile Include="darkstar\Core\code\filwstrm.cpp" />
    <ClCompile Include="darkstar\Core\code\lzhrstrm.cpp" />
    <ClCompile Include="darkstar\Core\code\lzhuff.cpp" />
    <ClCompile Include="darkstar\Core\code\lzhwstrm.cpp" />
    <ClCompile Include="darkstar\Core\code\memstrm.cpp" />
    <ClCompile Include="darkstar\Core\code\resDictionary.cpp" />
    <ClCompile Include="darkstar\Core\code\resManager.cpp" />
    <ClCompile Include="darkstar\Core\code\rlerstrm.cpp" />
    <ClCompile Include="darkstar\Core\code\rlewstrm.cpp" />
    <ClCompile Include="darkstar\Core\code\streamio.cpp" />
    <ClCompile Include="darkstar\Core\code\volstrm.cpp" />
    <ClCompile Include="darkstar\Core\code\PERSIST.CPP" />
    <ClCompile Include="darkstar\Dgfx\code\g_bitmap.cpp" />
    <ClCompile Include="darkstar\Dgfx\code\g_barray.cpp" />
    <ClCompile Include="darkstar\Dgfx\code\g_font.cpp" />
    <ClCompile Include="darkstar\Dgfx\code\g_pal.cpp" />
    <ClCompile Include="darkstar\Dgfx\code\gfxRes.cpp" />
    <ClCompile Include="darkstar\Dgfx\code\g_clip.cpp" />
    <ClCompile Include="darkstar\Dgfx\code\palMap.cpp" />
    <ClCompile Include="darkstar\Dgfx\code\g_surfac.cpp" />
    <ClCompile Include="darkstar\Dgfx\code\gdmanag.cpp" />
    <ClCompile Include="darkstar\Dgfx\code\gdevice.cpp" />
    <ClCompile Include="darkstar\Dgfx\code\fn_table.cpp" />
    <ClCompile Include="darkstar\Dgfx\code\gglidedev.cpp" />
    <ClCompile Include="darkstar\Dgfx\code\glidesfc.cpp" />
    <ClCompile Include="darkstar\Dgfx\code\glidein.cpp" />
    <ClCompile Include="darkstar\Dgfx\code\glidetx.cpp" />
    <ClCompile Include="darkstar\Dgfx\code\glLoader.cpp" />
    <ClCompile Include="darkstar\Dgfx\code\gOGLDev.cpp" />
    <ClCompile Include="darkstar\Dgfx\code\gOGLFn.cpp" />
    <ClCompile Include="darkstar\Dgfx\code\gOGLSfc.cpp" />
    <ClCompile Include="darkstar\Dgfx\code\gOGLTCache.cpp" />
    <ClCompile Include="darkstar\Dgfx\code\gOGLTx.cpp" />
    <ClCompile Include="darkstar\Dgfx\code\gsdevice.cpp" />
    <ClCompile Include="darkstar\Dgfx\code\g_sub.cpp" />
    <ClCompile Include="darkstar\Dgfx\code\g_mem.cpp" />
    <ClCompile Include="darkstar\Dgfx\code\g_cds.cpp" />
    <ClCompile Include="darkstar\Dgfx\code\g_ddraw.cpp" />
    <ClCompile Include="darkstar\Dgfx\code\g_fontrend.cpp" />
    <ClCompile Include="darkstar\Dgfx\code\g_point.cpp" />
    <ClCompile Include="darkstar\Dgfx\code\g_clear.cpp" />
    <ClCompile Include="darkstar\Dgfx\code\b_draw.cpp" />
    <ClCompile Include="darkstar\Dgfx\code\r_draw.cpp" />
    <ClCompile Include="darkstar\Dgfx\code\writfunc.cpp" />
    <ClCompile Include="darkstar\Dgfx\code\p_edge.cpp" />
    <ClCompile Include="darkstar\Dgfx\code\p_funcs.cpp" />
    <ClCompile Include="darkstar\Dgfx\code\gbase.cpp" />
    <ClCompile Include="darkstar\Dgfx\code\p_txcach.cpp" />
    <ClCompile Include="darkstar\Dgfx\code\l_draw.cpp" />
    <ClCompile Include="darkstar\Dgfx\code\ddrawerr.cpp" />
    <ClCompile Include="darkstar\Dgfx\code\m_random.cpp" />
    <ClCompile Include="darkstar\Ml\Code\m_coll.cpp" />
    <ClCompile Include="darkstar\Ml\Code\m_collision.cpp" />
    <ClCompile Include="darkstar\Ml\Code\m_euler.cpp" />
    <ClCompile Include="darkstar\Ml\Code\m_mulf.cpp" />
    <ClCompile Include="darkstar\Ml\Code\m_plane.cpp" />
    <ClCompile Include="darkstar\Ml\Code\m_quat.cpp" />
    <ClCompile Include="darkstar\Ml\Code\m_random.cpp" />
    <ClCompile Include="darkstar\Ml\Code\m_reduce.cpp" />
    <ClCompile Include="darkstar\Ml\Code\template.cpp" />
    <ClCompile Include="darkstar\Ts3\code\ts_vertex.cpp" />
    <ClCompile Include="darkstar\Ts3\code\ts_BoundingBox.cpp" />
    <ClCompile Include="darkstar\Ts3\code\ts_camera.cpp" />
    <ClCompile Include="darkstar\Ts3\code\ts_CelAnimMesh.cpp" />
    <ClCompile Include="darkstar\Ts3\code\ts_color.cpp" />
    <ClCompile Include="darkstar\Ts3\code\ts_light.cpp" />
    <ClCompile Include="darkstar\Ts3\code\ts_material.cpp" />
    <ClCompile Include="darkstar\Ts3\code\ts_matRender.cpp" />
    <ClCompile Include="darkstar\Ts3\code\ts_partInstance.cpp" />
    <ClCompile Include="darkstar\Ts3\code\ts_plane.cpp" />
    <ClCompile Include="darkstar\Ts3\code\ts_PointArray.cpp" />
    <ClCompile Include="darkstar\Ts3\code\ts_RenderContext.cpp" />
    <ClCompile Include="darkstar\Ts3\code\ts_shadow.cpp" />
    <ClCompile Include="darkstar\Ts3\code\ts_shape.cpp" />
    <ClCompile Include="darkstar\Ts3\code\ts_shapeInst.cpp" />
    <ClCompile Include="darkstar\Ts3\code\ts_template.cpp" />
    <ClCompile Include="darkstar\Ts3\code\ts_transform.cpp" />
    <ClCompile Include="darkstar\Tools\zed\Light.cpp" />
    <ClCompile Include="darkstar\Tools\zed\LightView.cpp" />
    <ClCompile Include="darkstar\Tools\zed\ObjectView.cpp" />
    <ClCompile Include="darkstar\Tools\zed\TextureView.cpp" />
    <ClCompile Include="darkstar\Tools\zed\MaterialProperties.cpp" />
    <ClCompile Include="darkstar\Tools\zed\ITRBuildOpt.cpp" />
    <ClCompile Include="darkstar\Tools\zed\ITRLightOpt.cpp" />
    <ClCompile Include="darkstar\Tools\zed\GroupView.cpp" />
    <ClCompile Include="darkstar\Tools\zed\ProgressBar.cpp" />
    <ClCompile Include="darkstar\Tools\zed\DetailSettings.cpp" />
    <ClCompile Include="darkstar\Tools\zed\LightBlankProp.cpp" />
    <ClCompile Include="darkstar\Tools\zed\LightEmitterProp.cpp" />
    <ClCompile Include="darkstar\Tools\zed\LightPropertySheet.cpp" />
    <ClCompile Include="darkstar\Tools\zed\LightProp.cpp" />
    <ClCompile Include="darkstar\Tools\zed\LightStateProp.cpp" />
    <ClCompile Include="darkstar\Tools\zed\ITRShapeOpt.cpp" />
    <ClCompile Include="darkstar\Tools\zed\Splitter.cpp" />
    <ClCompile Include="darkstar\Interior\code\zedPersLight.cpp" />
    <ClCompile Include="darkstar\Interior\code\itrbasiclighting.cpp" />
    <ClCompile Include="darkstar\Interior\code\itrmatrix.cpp" />
    <ClCompile Include="darkstar\Interior\code\itrShapeEdit.cpp" />
    <ClCompile Include="darkstar\Interior\code\itrgeometry.cpp" />
    <ClCompile Include="darkstar\Interior\code\itrinstance.cpp" />
    <ClCompile Include="darkstar\Interior\code\itrlighting.cpp" />
    <ClCompile Include="darkstar\Interior\code\itrrender.cpp" />
    <ClCompile Include="darkstar\Interior\code\itrcollision.cpp" />
    <ClCompile Include="darkstar\Interior\code\itrmetrics.cpp" />
    <ClCompile Include="darkstar\Interior\code\itrbit.cpp" />
    <ClCompile Include="darkstar\Interior\code\itrshape.cpp" />
    <ClCompile Include="darkstar\Interior\code\polyBSPClip.cpp" />
    <ClCompile Include="darkstar\Interior\code\tplane.cpp" />
    <ClCompile Include="darkstar\console\code\console.cpp" />
    <ClCompile Include="darkstar\console\code\consoleInternal.cpp" />
    <ClCompile Include="darkstar\console\code\eval.cpp" />
    <ClCompile Include="darkstar\console\code\GRAM.CPP" />
    <ClCompile Include="darkstar\console\code\scan.cpp" />
    <ClCompile Include="darkstar\console\code\tagDictionary.cpp" />
  </ItemGroup>
  <ItemGroup>
    <MASM Include="darkstar\Core\code\types.asm" />
    <MASM Include="darkstar\Dgfx\code\g_bm.asm" />
    <MASM Include="darkstar\Dgfx\code\g_timer.asm" />
    <MASM Include="darkstar\Dgfx\code\g_cleara.asm" />
    <MASM Include="darkstar\Dgfx\code\p_scane.asm" />
    <MASM Include="darkstar\Dgfx\code\p_txrc.asm" />
    <MASM Include="darkstar\Dgfx\code\b_blit.asm" />
    <MASM Include="darkstar\Dgfx\code\g_contxt.asm" />
    <MASM Include="darkstar\Dgfx\code\rn_fill.asm" />
    <MASM Include="darkstar\Dgfx\code\r_raster.asm" />
    <MASM Include="darkstar\Dgfx\code\rn_filln.asm" />
    <MASM Include="darkstar\Dgfx\code\rn_nontx.asm" />
    <MASM Include="darkstar\Dgfx\code\rn_nptex.asm" />
    <MASM Include="darkstar\Dgfx\code\rn_persp.asm" />
    <MASM Include="darkstar\Dgfx\code\p_rastn.asm" />
    <MASM Include="darkstar\Dgfx\code\p_rastdc.asm" />
    <MASM Include="darkstar\Dgfx\code\l_raster.asm" />
    <MASM Include="darkstar\Ml\Code\m_base.asm" />
    <MASM Include="darkstar\Ml\Code\m_dot.asm" />
    <MASM Include="darkstar\Ml\Code\m_fix.asm" />
    <MASM Include="darkstar\Ml\Code\m_fpuCW.asm" />
    <MASM Include="darkstar\Ml\Code\m_log.asm" />
    <MASM Include="darkstar\Ml\Code\m_map.asm" />
    <MASM Include="darkstar\Ml\Code\m_matf.asm" />
    <MASM Include="darkstar\Ml\Code\m_mdiv.asm" />
    <MASM Include="darkstar\Ml\Code\m_mul.asm" />
    <MASM Include="darkstar\Ml\Code\m_quatf.asm" />
    <MASM Include="darkstar\Ml\Code\m_sqrt.asm" />
    <MASM Include="darkstar\Ml\Code\m_trig.asm" />
    <MASM Include="darkstar\Ts3\code\ts_fast.asm" />
  </ItemGroup>
  <ItemGroup>
    <ResourceCompile Include="darkstar\Tools\zed\THRED.rc" />
  </ItemGroup>
</Project>